
Microsoft Visual Studio Solution File, Format Version 12.00
# Visual Studio 15
VisualStudioVersion = 15.0.26124.0
MinimumVisualStudioVersion = 15.0.26124.0
Project("{FAE04EC0-301F-11D3-BF4B-00C04F79EFBC}") = "Api", "Api\Api.csproj", "{047219E8-24AD-4CC3-9D7C-64BF006C285F}"
EndProject
Project("{FAE04EC0-301F-11D3-BF4B-00C04F79EFBC}") = "Business", "Business\Business.csproj", "{84CEFFEC-E26B-4A1C-BF49-A8E8FBB9F96D}"
EndProject
Project("{FAE04EC0-301F-11D3-BF4B-00C04F79EFBC}") = "DataAccess", "DataAccess\DataAccess.csproj", "{549A45B6-1BC2-4B12-9AE4-B1E67FD7FC7E}"
EndProject
Project("{FAE04EC0-301F-11D3-BF4B-00C04F79EFBC}") = "Models", "Models\Models.csproj", "{2CC0170E-808C-4F27-8119-7DD2C95DE2D5}"
EndProject
Global
	GlobalSection(SolutionConfigurationPlatforms) = preSolution
		Debug|Any CPU = Debug|Any CPU
		Debug|x64 = Debug|x64
		Debug|x86 = Debug|x86
		Release|Any CPU = Release|Any CPU
		Release|x64 = Release|x64
		Release|x86 = Release|x86
	EndGlobalSection
	GlobalSection(SolutionProperties) = preSolution
		HideSolutionNode = FALSE
	EndGlobalSection
	GlobalSection(ProjectConfigurationPlatforms) = postSolution
		{047219E8-24AD-4CC3-9D7C-64BF006C285F}.Debug|Any CPU.ActiveCfg = Debug|Any CPU
		{047219E8-24AD-4CC3-9D7C-64BF006C285F}.Debug|Any CPU.Build.0 = Debug|Any CPU
		{047219E8-24AD-4CC3-9D7C-64BF006C285F}.Debug|x64.ActiveCfg = Debug|Any CPU
		{047219E8-24AD-4CC3-9D7C-64BF006C285F}.Debug|x64.Build.0 = Debug|Any CPU
		{047219E8-24AD-4CC3-9D7C-64BF006C285F}.Debug|x86.ActiveCfg = Debug|Any CPU
		{047219E8-24AD-4CC3-9D7C-64BF006C285F}.Debug|x86.Build.0 = Debug|Any CPU
		{047219E8-24AD-4CC3-9D7C-64BF006C285F}.Release|Any CPU.ActiveCfg = Release|Any CPU
		{047219E8-24AD-4CC3-9D7C-64BF006C285F}.Release|Any CPU.Build.0 = Release|Any CPU
		{047219E8-24AD-4CC3-9D7C-64BF006C285F}.Release|x64.ActiveCfg = Release|Any CPU
		{047219E8-24AD-4CC3-9D7C-64BF006C285F}.Release|x64.Build.0 = Release|Any CPU
		{047219E8-24AD-4CC3-9D7C-64BF006C285F}.Release|x86.ActiveCfg = Release|Any CPU
		{047219E8-24AD-4CC3-9D7C-64BF006C285F}.Release|x86.Build.0 = Release|Any CPU
		{84CEFFEC-E26B-4A1C-BF49-A8E8FBB9F96D}.Debug|Any CPU.ActiveCfg = Debug|Any CPU
		{84CEFFEC-E26B-4A1C-BF49-A8E8FBB9F96D}.Debug|Any CPU.Build.0 = Debug|Any CPU
		{84CEFFEC-E26B-4A1C-BF49-A8E8FBB9F96D}.Debug|x64.ActiveCfg = Debug|Any CPU
		{84CEFFEC-E26B-4A1C-BF49-A8E8FBB9F96D}.Debug|x64.Build.0 = Debug|Any CPU
		{84CEFFEC-E26B-4A1C-BF49-A8E8FBB9F96D}.Debug|x86.ActiveCfg = Debug|Any CPU
		{84CEFFEC-E26B-4A1C-BF49-A8E8FBB9F96D}.Debug|x86.Build.0 = Debug|Any CPU
		{84CEFFEC-E26B-4A1C-BF49-A8E8FBB9F96D}.Release|Any CPU.ActiveCfg = Release|Any CPU
		{84CEFFEC-E26B-4A1C-BF49-A8E8FBB9F96D}.Release|Any CPU.Build.0 = Release|Any CPU
		{84CEFFEC-E26B-4A1C-BF49-A8E8FBB9F96D}.Release|x64.ActiveCfg = Release|Any CPU
		{84CEFFEC-E26B-4A1C-BF49-A8E8FBB9F96D}.Release|x64.Build.0 = Release|Any CPU
		{84CEFFEC-E26B-4A1C-BF49-A8E8FBB9F96D}.Release|x86.ActiveCfg = Release|Any CPU
		{84CEFFEC-E26B-4A1C-BF49-A8E8FBB9F96D}.Release|x86.Build.0 = Release|Any CPU
		{549A45B6-1BC2-4B12-9AE4-B1E67FD7FC7E}.Debug|Any CPU.ActiveCfg = Debug|Any CPU
		{549A45B6-1BC2-4B12-9AE4-B1E67FD7FC7E}.Debug|Any CPU.Build.0 = Debug|Any CPU
		{549A45B6-1BC2-4B12-9AE4-B1E67FD7FC7E}.Debug|x64.ActiveCfg = Debug|Any CPU
		{549A45B6-1BC2-4B12-9AE4-B1E67FD7FC7E}.Debug|x64.Build.0 = Debug|Any CPU
		{549A45B6-1BC2-4B12-9AE4-B1E67FD7FC7E}.Debug|x86.ActiveCfg = Debug|Any CPU
		{549A45B6-1BC2-4B12-9AE4-B1E67FD7FC7E}.Debug|x86.Build.0 = Debug|Any CPU
		{549A45B6-1BC2-4B12-9AE4-B1E67FD7FC7E}.Release|Any CPU.ActiveCfg = Release|Any CPU
		{549A45B6-1BC2-4B12-9AE4-B1E67FD7FC7E}.Release|Any CPU.Build.0 = Release|Any CPU
		{549A45B6-1BC2-4B12-9AE4-B1E67FD7FC7E}.Release|x64.ActiveCfg = Release|Any CPU
		{549A45B6-1BC2-4B12-9AE4-B1E67FD7FC7E}.Release|x64.Build.0 = Release|Any CPU
		{549A45B6-1BC2-4B12-9AE4-B1E67FD7FC7E}.Release|x86.ActiveCfg = Release|Any CPU
		{549A45B6-1BC2-4B12-9AE4-B1E67FD7FC7E}.Release|x86.Build.0 = Release|Any CPU
		{2CC0170E-808C-4F27-8119-7DD2C95DE2D5}.Debug|Any CPU.ActiveCfg = Debug|Any CPU
		{2CC0170E-808C-4F27-8119-7DD2C95DE2D5}.Debug|Any CPU.Build.0 = Debug|Any CPU
		{2CC0170E-808C-4F27-8119-7DD2C95DE2D5}.Debug|x64.ActiveCfg = Debug|Any CPU
		{2CC0170E-808C-4F27-8119-7DD2C95DE2D5}.Debug|x64.Build.0 = Debug|Any CPU
		{2CC0170E-808C-4F27-8119-7DD2C95DE2D5}.Debug|x86.ActiveCfg = Debug|Any CPU
		{2CC0170E-808C-4F27-8119-7DD2C95DE2D5}.Debug|x86.Build.0 = Debug|Any CPU
		{2CC0170E-808C-4F27-8119-7DD2C95DE2D5}.Release|Any CPU.ActiveCfg = Release|Any CPU
		{2CC0170E-808C-4F27-8119-7DD2C95DE2D5}.Release|Any CPU.Build.0 = Release|Any CPU
		{2CC0170E-808C-4F27-8119-7DD2C95DE2D5}.Release|x64.ActiveCfg = Release|Any CPU
		{2CC0170E-808C-4F27-8119-7DD2C95DE2D5}.Release|x64.Build.0 = Release|Any CPU
		{2CC0170E-808C-4F27-8119-7DD2C95DE2D5}.Release|x86.ActiveCfg = Release|Any CPU
		{2CC0170E-808C-4F27-8119-7DD2C95DE2D5}.Release|x86.Build.0 = Release|Any CPU
	EndGlobalSection
EndGlobal
