
Microsoft Visual Studio Solution File, Format Version 12.00
# Visual Studio 15
VisualStudioVersion = 15.0.26124.0
MinimumVisualStudioVersion = 15.0.26124.0
Project("{FAE04EC0-301F-11D3-BF4B-00C04F79EFBC}") = "Api", "Api\Api.csproj", "{F16B9C07-A41F-4C68-99B8-F94B9561EDEF}"
EndProject
Project("{FAE04EC0-301F-11D3-BF4B-00C04F79EFBC}") = "Business", "Business\Business.csproj", "{AB51BEA4-B037-4E6B-A078-FBF94A92C441}"
EndProject
Project("{FAE04EC0-301F-11D3-BF4B-00C04F79EFBC}") = "DataAccess", "DataAccess\DataAccess.csproj", "{DDBC860E-C4E7-4573-A390-32C29EED850E}"
EndProject
Project("{FAE04EC0-301F-11D3-BF4B-00C04F79EFBC}") = "Models", "Models\Models.csproj", "{32005F3B-A8C5-4437-ADBB-942610857429}"
EndProject
Global
	GlobalSection(SolutionConfigurationPlatforms) = preSolution
		Debug|Any CPU = Debug|Any CPU
		Debug|x64 = Debug|x64
		Debug|x86 = Debug|x86
		Release|Any CPU = Release|Any CPU
		Release|x64 = Release|x64
		Release|x86 = Release|x86
	EndGlobalSection
	GlobalSection(SolutionProperties) = preSolution
		HideSolutionNode = FALSE
	EndGlobalSection
	GlobalSection(ProjectConfigurationPlatforms) = postSolution
		{F16B9C07-A41F-4C68-99B8-F94B9561EDEF}.Debug|Any CPU.ActiveCfg = Debug|Any CPU
		{F16B9C07-A41F-4C68-99B8-F94B9561EDEF}.Debug|Any CPU.Build.0 = Debug|Any CPU
		{F16B9C07-A41F-4C68-99B8-F94B9561EDEF}.Debug|x64.ActiveCfg = Debug|Any CPU
		{F16B9C07-A41F-4C68-99B8-F94B9561EDEF}.Debug|x64.Build.0 = Debug|Any CPU
		{F16B9C07-A41F-4C68-99B8-F94B9561EDEF}.Debug|x86.ActiveCfg = Debug|Any CPU
		{F16B9C07-A41F-4C68-99B8-F94B9561EDEF}.Debug|x86.Build.0 = Debug|Any CPU
		{F16B9C07-A41F-4C68-99B8-F94B9561EDEF}.Release|Any CPU.ActiveCfg = Release|Any CPU
		{F16B9C07-A41F-4C68-99B8-F94B9561EDEF}.Release|Any CPU.Build.0 = Release|Any CPU
		{F16B9C07-A41F-4C68-99B8-F94B9561EDEF}.Release|x64.ActiveCfg = Release|Any CPU
		{F16B9C07-A41F-4C68-99B8-F94B9561EDEF}.Release|x64.Build.0 = Release|Any CPU
		{F16B9C07-A41F-4C68-99B8-F94B9561EDEF}.Release|x86.ActiveCfg = Release|Any CPU
		{F16B9C07-A41F-4C68-99B8-F94B9561EDEF}.Release|x86.Build.0 = Release|Any CPU
		{AB51BEA4-B037-4E6B-A078-FBF94A92C441}.Debug|Any CPU.ActiveCfg = Debug|Any CPU
		{AB51BEA4-B037-4E6B-A078-FBF94A92C441}.Debug|Any CPU.Build.0 = Debug|Any CPU
		{AB51BEA4-B037-4E6B-A078-FBF94A92C441}.Debug|x64.ActiveCfg = Debug|Any CPU
		{AB51BEA4-B037-4E6B-A078-FBF94A92C441}.Debug|x64.Build.0 = Debug|Any CPU
		{AB51BEA4-B037-4E6B-A078-FBF94A92C441}.Debug|x86.ActiveCfg = Debug|Any CPU
		{AB51BEA4-B037-4E6B-A078-FBF94A92C441}.Debug|x86.Build.0 = Debug|Any CPU
		{AB51BEA4-B037-4E6B-A078-FBF94A92C441}.Release|Any CPU.ActiveCfg = Release|Any CPU
		{AB51BEA4-B037-4E6B-A078-FBF94A92C441}.Release|Any CPU.Build.0 = Release|Any CPU
		{AB51BEA4-B037-4E6B-A078-FBF94A92C441}.Release|x64.ActiveCfg = Release|Any CPU
		{AB51BEA4-B037-4E6B-A078-FBF94A92C441}.Release|x64.Build.0 = Release|Any CPU
		{AB51BEA4-B037-4E6B-A078-FBF94A92C441}.Release|x86.ActiveCfg = Release|Any CPU
		{AB51BEA4-B037-4E6B-A078-FBF94A92C441}.Release|x86.Build.0 = Release|Any CPU
		{DDBC860E-C4E7-4573-A390-32C29EED850E}.Debug|Any CPU.ActiveCfg = Debug|Any CPU
		{DDBC860E-C4E7-4573-A390-32C29EED850E}.Debug|Any CPU.Build.0 = Debug|Any CPU
		{DDBC860E-C4E7-4573-A390-32C29EED850E}.Debug|x64.ActiveCfg = Debug|Any CPU
		{DDBC860E-C4E7-4573-A390-32C29EED850E}.Debug|x64.Build.0 = Debug|Any CPU
		{DDBC860E-C4E7-4573-A390-32C29EED850E}.Debug|x86.ActiveCfg = Debug|Any CPU
		{DDBC860E-C4E7-4573-A390-32C29EED850E}.Debug|x86.Build.0 = Debug|Any CPU
		{DDBC860E-C4E7-4573-A390-32C29EED850E}.Release|Any CPU.ActiveCfg = Release|Any CPU
		{DDBC860E-C4E7-4573-A390-32C29EED850E}.Release|Any CPU.Build.0 = Release|Any CPU
		{DDBC860E-C4E7-4573-A390-32C29EED850E}.Release|x64.ActiveCfg = Release|Any CPU
		{DDBC860E-C4E7-4573-A390-32C29EED850E}.Release|x64.Build.0 = Release|Any CPU
		{DDBC860E-C4E7-4573-A390-32C29EED850E}.Release|x86.ActiveCfg = Release|Any CPU
		{DDBC860E-C4E7-4573-A390-32C29EED850E}.Release|x86.Build.0 = Release|Any CPU
		{32005F3B-A8C5-4437-ADBB-942610857429}.Debug|Any CPU.ActiveCfg = Debug|Any CPU
		{32005F3B-A8C5-4437-ADBB-942610857429}.Debug|Any CPU.Build.0 = Debug|Any CPU
		{32005F3B-A8C5-4437-ADBB-942610857429}.Debug|x64.ActiveCfg = Debug|Any CPU
		{32005F3B-A8C5-4437-ADBB-942610857429}.Debug|x64.Build.0 = Debug|Any CPU
		{32005F3B-A8C5-4437-ADBB-942610857429}.Debug|x86.ActiveCfg = Debug|Any CPU
		{32005F3B-A8C5-4437-ADBB-942610857429}.Debug|x86.Build.0 = Debug|Any CPU
		{32005F3B-A8C5-4437-ADBB-942610857429}.Release|Any CPU.ActiveCfg = Release|Any CPU
		{32005F3B-A8C5-4437-ADBB-942610857429}.Release|Any CPU.Build.0 = Release|Any CPU
		{32005F3B-A8C5-4437-ADBB-942610857429}.Release|x64.ActiveCfg = Release|Any CPU
		{32005F3B-A8C5-4437-ADBB-942610857429}.Release|x64.Build.0 = Release|Any CPU
		{32005F3B-A8C5-4437-ADBB-942610857429}.Release|x86.ActiveCfg = Release|Any CPU
		{32005F3B-A8C5-4437-ADBB-942610857429}.Release|x86.Build.0 = Release|Any CPU
	EndGlobalSection
EndGlobal
